<?xml version="1.0" encoding="utf-8"?>
<Project ToolsVersion="4.0" xmlns="http://schemas.microsoft.com/developer/msbuild/2003">
  <ItemGroup>
    <Filter Include="Source Files">
      <UniqueIdentifier>{d92a2fc4-e4ca-4428-a682-470424003e55}</UniqueIdentifier>
      <Extensions>cpp;c;cxx;def;odl;idl;hpj;bat;asm</Extensions>
    </Filter>
    <Filter Include="Header Files">
      <UniqueIdentifier>{f6ed86ce-caae-430d-bca2-c212464aaaef}</UniqueIdentifier>
      <Extensions>h;hpp;hxx;hm;inl;inc</Extensions>
    </Filter>
    <Filter Include="Resource Files">
      <UniqueIdentifier>{1b160a65-fb26-4f5c-b1c4-e3520851e764}</UniqueIdentifier>
      <Extensions>rc;ico;cur;bmp;dlg;rc2;rct;bin;rgs;jpg;jpeg;jpe;manifest</Extensions>
    </Filter>
  </ItemGroup>
  <ItemGroup>
    <ClCompile Include="stdafx.cpp">
      <Filter>Source Files</Filter>
    </ClCompile>
    <ClCompile Include="WtlCefApp.cpp">
      <Filter>Source Files</Filter>
    </ClCompile>
    <ClCompile Include="win\WtlCommon.cpp">
      <Filter>Source Files</Filter>
    </ClCompile>
    <ClCompile Include="..\library\cJSON\cJSON.cpp">
      <Filter>Source Files</Filter>
    </ClCompile>
    <ClCompile Include="..\library\cJSON\XcJSON.cpp">
      <Filter>Source Files</Filter>
    </ClCompile>
    <ClCompile Include="..\src\bytes_write_handler.cpp">
      <Filter>Source Files</Filter>
    </ClCompile>
    <ClCompile Include="..\src\cefclient_osr_dragdrop_win.cpp">
      <Filter>Source Files</Filter>
    </ClCompile>
    <ClCompile Include="..\src\cefclient_osr_widget_win.cpp">
      <Filter>Source Files</Filter>
    </ClCompile>
    <ClCompile Include="..\src\client_app.cpp">
      <Filter>Source Files</Filter>
    </ClCompile>
    <ClCompile Include="..\src\client_app_delegates.cpp">
      <Filter>Source Files</Filter>
    </ClCompile>
    <ClCompile Include="..\src\client_handler.cpp">
      <Filter>Source Files</Filter>
    </ClCompile>
    <ClCompile Include="..\src\client_handler_win.cpp">
      <Filter>Source Files</Filter>
    </ClCompile>
    <ClCompile Include="..\src\client_renderer.cpp">
      <Filter>Source Files</Filter>
    </ClCompile>
    <ClCompile Include="..\src\client_switches.cpp">
      <Filter>Source Files</Filter>
    </ClCompile>
    <ClCompile Include="..\src\osrenderer.cpp">
      <Filter>Source Files</Filter>
    </ClCompile>
    <ClCompile Include="..\src\resource_util_win.cpp">
      <Filter>Source Files</Filter>
    </ClCompile>
    <ClCompile Include="..\src\string_util.cpp">
      <Filter>Source Files</Filter>
    </ClCompile>
    <ClCompile Include="..\src\XCefAppManage.cpp">
      <Filter>Source Files</Filter>
    </ClCompile>
    <ClCompile Include="..\src\XCefCallback.cpp">
      <Filter>Source Files</Filter>
    </ClCompile>
    <ClCompile Include="..\src\XCefInfo.cpp">
      <Filter>Source Files</Filter>
    </ClCompile>
    <ClCompile Include="..\src\XCefRpc.cpp">
      <Filter>Source Files</Filter>
    </ClCompile>
    <ClCompile Include="..\src\XWinCallback.cpp">
      <Filter>Source Files</Filter>
    </ClCompile>
    <ClCompile Include="..\src\XWinUtil.cpp">
      <Filter>Source Files</Filter>
    </ClCompile>
  </ItemGroup>
  <ItemGroup>
    <ClInclude Include="stdafx.h">
      <Filter>Header Files</Filter>
    </ClInclude>
    <ClInclude Include="AboutDlg.h">
      <Filter>Header Files</Filter>
    </ClInclude>
    <ClInclude Include="resource.h">
      <Filter>Header Files</Filter>
    </ClInclude>
    <ClInclude Include="win\AtlOpengl.h">
      <Filter>Header Files</Filter>
    </ClInclude>
    <ClInclude Include="win\include_wtl.h">
      <Filter>Header Files</Filter>
    </ClInclude>
    <ClInclude Include="win\mainfrm.h">
      <Filter>Header Files</Filter>
    </ClInclude>
    <ClInclude Include="win\WtlCommon.h">
      <Filter>Header Files</Filter>
    </ClInclude>
    <ClInclude Include="win\WtlMain.h">
      <Filter>Header Files</Filter>
    </ClInclude>
    <ClInclude Include="win\WtlThread.h">
      <Filter>Header Files</Filter>
    </ClInclude>
    <ClInclude Include="..\library\cJSON\cJSON.h">
      <Filter>Header Files</Filter>
    </ClInclude>
    <ClInclude Include="..\library\cJSON\XcJSON.h">
      <Filter>Header Files</Filter>
    </ClInclude>
    <ClInclude Include="..\src\bytes_write_handler.h">
      <Filter>Header Files</Filter>
    </ClInclude>
    <ClInclude Include="..\src\cefclient_osr_dragdrop_win.h">
      <Filter>Header Files</Filter>
    </ClInclude>
    <ClInclude Include="..\src\cefclient_osr_widget_win.h">
      <Filter>Header Files</Filter>
    </ClInclude>
    <ClInclude Include="..\src\client_app.h">
      <Filter>Header Files</Filter>
    </ClInclude>
    <ClInclude Include="..\src\client_handler.h">
      <Filter>Header Files</Filter>
    </ClInclude>
    <ClInclude Include="..\src\client_renderer.h">
      <Filter>Header Files</Filter>
    </ClInclude>
    <ClInclude Include="..\src\client_resource.h">
      <Filter>Header Files</Filter>
    </ClInclude>
    <ClInclude Include="..\src\client_switches.h">
      <Filter>Header Files</Filter>
    </ClInclude>
    <ClInclude Include="..\src\include_wrapper_cef.h">
      <Filter>Header Files</Filter>
    </ClInclude>
    <ClInclude Include="..\src\include_XCef.h">
      <Filter>Header Files</Filter>
    </ClInclude>
    <ClInclude Include="..\src\osrenderer.h">
      <Filter>Header Files</Filter>
    </ClInclude>
    <ClInclude Include="..\src\resource_util.h">
      <Filter>Header Files</Filter>
    </ClInclude>
    <ClInclude Include="..\src\string_util.h">
      <Filter>Header Files</Filter>
    </ClInclude>
    <ClInclude Include="..\src\XCefAppManage.h">
      <Filter>Header Files</Filter>
    </ClInclude>
    <ClInclude Include="..\src\XCefCallback.h">
      <Filter>Header Files</Filter>
    </ClInclude>
    <ClInclude Include="..\src\XCefInfo.h">
      <Filter>Header Files</Filter>
    </ClInclude>
    <ClInclude Include="..\src\XCefRpc.h">
      <Filter>Header Files</Filter>
    </ClInclude>
    <ClInclude Include="..\src\XWinCallback.h">
      <Filter>Header Files</Filter>
    </ClInclude>
    <ClInclude Include="..\src\XWinUtil.h">
      <Filter>Header Files</Filter>
    </ClInclude>
  </ItemGroup>
  <ItemGroup>
    <ResourceCompile Include="WtlCefApp.rc">
      <Filter>Resource Files</Filter>
    </ResourceCompile>
  </ItemGroup>
  <ItemGroup>
    <Image Include="res\WtlCefApp.ico">
      <Filter>Resource Files</Filter>
    </Image>
  </ItemGroup>
</Project>